
Microsoft Visual Studio Solution File, Format Version 12.00
# Visual Studio Version 16
VisualStudioVersion = 16.0.30413.136
MinimumVisualStudioVersion = 10.0.40219.1
Project("{FAE04EC0-301F-11D3-BF4B-00C04F79EFBC}") = "AutoTyper", "AutoTyper\AutoTyper.csproj", "{E0B36B5F-E49A-452F-85DF-42B7B16552D4}"
EndProject
Global
	GlobalSection(SolutionConfigurationPlatforms) = preSolution
		Debug|Any CPU = Debug|Any CPU
		Release|Any CPU = Release|Any CPU
	EndGlobalSection
	GlobalSection(ProjectConfigurationPlatforms) = postSolution
		{E0B36B5F-E49A-452F-85DF-42B7B16552D4}.Debug|Any CPU.ActiveCfg = Release|Any CPU
		{E0B36B5F-E49A-452F-85DF-42B7B16552D4}.Debug|Any CPU.Build.0 = Release|Any CPU
		{E0B36B5F-E49A-452F-85DF-42B7B16552D4}.Release|Any CPU.ActiveCfg = Release|Any CPU
		{E0B36B5F-E49A-452F-85DF-42B7B16552D4}.Release|Any CPU.Build.0 = Release|Any CPU
	EndGlobalSection
	GlobalSection(SolutionProperties) = preSolution
		HideSolutionNode = FALSE
	EndGlobalSection
	GlobalSection(ExtensibilityGlobals) = postSolution
		SolutionGuid = {A03D717B-04E5-4927-A6A8-DC500D084722}
	EndGlobalSection
EndGlobal
